
Microsoft Visual Studio Solution File, Format Version 12.00
# Visual Studio Version 17
VisualStudioVersion = 17.11.35312.102
MinimumVisualStudioVersion = 10.0.40219.1
Project("{FAE04EC0-301F-11D3-BF4B-00C04F79EFBC}") = "Practice3", "Practice3\Practice3.csproj", "{97198B5E-CDFE-443E-BD2F-E5EC24AFAA2F}"
EndProject
Global
	GlobalSection(SolutionConfigurationPlatforms) = preSolution
		Debug|Any CPU = Debug|Any CPU
		Release|Any CPU = Release|Any CPU
	EndGlobalSection
	GlobalSection(ProjectConfigurationPlatforms) = postSolution
		{97198B5E-CDFE-443E-BD2F-E5EC24AFAA2F}.Debug|Any CPU.ActiveCfg = Debug|Any CPU
		{97198B5E-CDFE-443E-BD2F-E5EC24AFAA2F}.Debug|Any CPU.Build.0 = Debug|Any CPU
		{97198B5E-CDFE-443E-BD2F-E5EC24AFAA2F}.Release|Any CPU.ActiveCfg = Release|Any CPU
		{97198B5E-CDFE-443E-BD2F-E5EC24AFAA2F}.Release|Any CPU.Build.0 = Release|Any CPU
	EndGlobalSection
	GlobalSection(SolutionProperties) = preSolution
		HideSolutionNode = FALSE
	EndGlobalSection
	GlobalSection(ExtensibilityGlobals) = postSolution
		SolutionGuid = {1E2AB81A-2451-40CA-AC35-07C5AE2A0314}
	EndGlobalSection
EndGlobal
